
Microsoft Visual Studio Solution File, Format Version 12.00
# Visual Studio 15
VisualStudioVersion = 15.0.27004.2010
MinimumVisualStudioVersion = 10.0.40219.1
Project("{FAE04EC0-301F-11D3-BF4B-00C04F79EFBC}") = "day02", "day02\day02.csproj", "{B4766FEF-1F1F-44DE-8437-2B275508F70A}"
EndProject
Project("{FAE04EC0-301F-11D3-BF4B-00C04F79EFBC}") = "day02.tests", "day02.tests\day02.tests.csproj", "{57EDEE6D-E4C4-47DD-8605-69A8BDBAF0ED}"
EndProject
Global
	GlobalSection(SolutionConfigurationPlatforms) = preSolution
		Debug|Any CPU = Debug|Any CPU
		Release|Any CPU = Release|Any CPU
	EndGlobalSection
	GlobalSection(ProjectConfigurationPlatforms) = postSolution
		{B4766FEF-1F1F-44DE-8437-2B275508F70A}.Debug|Any CPU.ActiveCfg = Debug|Any CPU
		{B4766FEF-1F1F-44DE-8437-2B275508F70A}.Debug|Any CPU.Build.0 = Debug|Any CPU
		{B4766FEF-1F1F-44DE-8437-2B275508F70A}.Release|Any CPU.ActiveCfg = Release|Any CPU
		{B4766FEF-1F1F-44DE-8437-2B275508F70A}.Release|Any CPU.Build.0 = Release|Any CPU
		{57EDEE6D-E4C4-47DD-8605-69A8BDBAF0ED}.Debug|Any CPU.ActiveCfg = Debug|Any CPU
		{57EDEE6D-E4C4-47DD-8605-69A8BDBAF0ED}.Debug|Any CPU.Build.0 = Debug|Any CPU
		{57EDEE6D-E4C4-47DD-8605-69A8BDBAF0ED}.Release|Any CPU.ActiveCfg = Release|Any CPU
		{57EDEE6D-E4C4-47DD-8605-69A8BDBAF0ED}.Release|Any CPU.Build.0 = Release|Any CPU
	EndGlobalSection
	GlobalSection(SolutionProperties) = preSolution
		HideSolutionNode = FALSE
	EndGlobalSection
	GlobalSection(ExtensibilityGlobals) = postSolution
		SolutionGuid = {F7323FA3-3513-4189-8122-5869503FEAA6}
	EndGlobalSection
EndGlobal
