
Microsoft Visual Studio Solution File, Format Version 12.00
# Visual Studio 15
VisualStudioVersion = 15.0.27130.2003
MinimumVisualStudioVersion = 10.0.40219.1
Project("{FAE04EC0-301F-11D3-BF4B-00C04F79EFBC}") = "day05", "day05\day05.csproj", "{98D8DFF5-69B4-44B9-921E-28E5F66CCE36}"
EndProject
Project("{FAE04EC0-301F-11D3-BF4B-00C04F79EFBC}") = "day05.tests", "day05.tests\day05.tests.csproj", "{BB706063-7E49-41AC-B773-9053981AA299}"
EndProject
Global
	GlobalSection(SolutionConfigurationPlatforms) = preSolution
		Debug|Any CPU = Debug|Any CPU
		Release|Any CPU = Release|Any CPU
	EndGlobalSection
	GlobalSection(ProjectConfigurationPlatforms) = postSolution
		{98D8DFF5-69B4-44B9-921E-28E5F66CCE36}.Debug|Any CPU.ActiveCfg = Debug|Any CPU
		{98D8DFF5-69B4-44B9-921E-28E5F66CCE36}.Debug|Any CPU.Build.0 = Debug|Any CPU
		{98D8DFF5-69B4-44B9-921E-28E5F66CCE36}.Release|Any CPU.ActiveCfg = Release|Any CPU
		{98D8DFF5-69B4-44B9-921E-28E5F66CCE36}.Release|Any CPU.Build.0 = Release|Any CPU
		{BB706063-7E49-41AC-B773-9053981AA299}.Debug|Any CPU.ActiveCfg = Debug|Any CPU
		{BB706063-7E49-41AC-B773-9053981AA299}.Debug|Any CPU.Build.0 = Debug|Any CPU
		{BB706063-7E49-41AC-B773-9053981AA299}.Release|Any CPU.ActiveCfg = Release|Any CPU
		{BB706063-7E49-41AC-B773-9053981AA299}.Release|Any CPU.Build.0 = Release|Any CPU
	EndGlobalSection
	GlobalSection(SolutionProperties) = preSolution
		HideSolutionNode = FALSE
	EndGlobalSection
	GlobalSection(ExtensibilityGlobals) = postSolution
		SolutionGuid = {E08908DA-B809-44B8-88F0-ED8CF9569163}
	EndGlobalSection
EndGlobal
