
Microsoft Visual Studio Solution File, Format Version 12.00
# Visual Studio 15
VisualStudioVersion = 15.0.27130.2003
MinimumVisualStudioVersion = 10.0.40219.1
Project("{FAE04EC0-301F-11D3-BF4B-00C04F79EFBC}") = "day07", "day07\day07.csproj", "{4A387F97-497A-45D3-9C6F-CCEFE3A0E6E9}"
EndProject
Project("{FAE04EC0-301F-11D3-BF4B-00C04F79EFBC}") = "day07.tests", "day07.tests\day07.tests.csproj", "{CE13E3A6-D581-46AB-B0D6-48580F4DE04B}"
EndProject
Global
	GlobalSection(SolutionConfigurationPlatforms) = preSolution
		Debug|Any CPU = Debug|Any CPU
		Release|Any CPU = Release|Any CPU
	EndGlobalSection
	GlobalSection(ProjectConfigurationPlatforms) = postSolution
		{4A387F97-497A-45D3-9C6F-CCEFE3A0E6E9}.Debug|Any CPU.ActiveCfg = Debug|Any CPU
		{4A387F97-497A-45D3-9C6F-CCEFE3A0E6E9}.Debug|Any CPU.Build.0 = Debug|Any CPU
		{4A387F97-497A-45D3-9C6F-CCEFE3A0E6E9}.Release|Any CPU.ActiveCfg = Release|Any CPU
		{4A387F97-497A-45D3-9C6F-CCEFE3A0E6E9}.Release|Any CPU.Build.0 = Release|Any CPU
		{CE13E3A6-D581-46AB-B0D6-48580F4DE04B}.Debug|Any CPU.ActiveCfg = Debug|Any CPU
		{CE13E3A6-D581-46AB-B0D6-48580F4DE04B}.Debug|Any CPU.Build.0 = Debug|Any CPU
		{CE13E3A6-D581-46AB-B0D6-48580F4DE04B}.Release|Any CPU.ActiveCfg = Release|Any CPU
		{CE13E3A6-D581-46AB-B0D6-48580F4DE04B}.Release|Any CPU.Build.0 = Release|Any CPU
	EndGlobalSection
	GlobalSection(SolutionProperties) = preSolution
		HideSolutionNode = FALSE
	EndGlobalSection
	GlobalSection(ExtensibilityGlobals) = postSolution
		SolutionGuid = {1070C436-660C-4F8D-A547-4826530A354C}
	EndGlobalSection
EndGlobal
